// !$*UTF8*$!
{
	archiveVersion = 1;
	classes = {
	};
	objectVersion = 46;
	objects = {

/* Begin PBXBuildFile section */
		04E548521DB5D5EB00C8AD75 /* AppDelegate.swift in Sources */ = {isa = PBXBuildFile; fileRef = 04E548511DB5D5EB00C8AD75 /* AppDelegate.swift */; };
		04E548541DB5D5EB00C8AD75 /* ViewController.swift in Sources */ = {isa = PBXBuildFile; fileRef = 04E548531DB5D5EB00C8AD75 /* ViewController.swift */; };
		04E548571DB5D5EB00C8AD75 /* Main.storyboard in Resources */ = {isa = PBXBuildFile; fileRef = 04E548551DB5D5EB00C8AD75 /* Main.storyboard */; };
		04E548591DB5D5EB00C8AD75 /* Assets.xcassets in Resources */ = {isa = PBXBuildFile; fileRef = 04E548581DB5D5EB00C8AD75 /* Assets.xcassets */; };
		04E5485C1DB5D5EB00C8AD75 /* LaunchScreen.storyboard in Resources */ = {isa = PBXBuildFile; fileRef = 04E5485A1DB5D5EB00C8AD75 /* LaunchScreen.storyboard */; };
		04E548641DB5E6B700C8AD75 /* SSClickButtonSwift.swift in Sources */ = {isa = PBXBuildFile; fileRef = 04E548631DB5E6B700C8AD75 /* SSClickButtonSwift.swift */; };
/* End PBXBuildFile section */

/* Begin PBXFileReference section */
		04E5484E1DB5D5EB00C8AD75 /* SSClickButton-swift.app */ = {isa = PBXFileReference; explicitFileType = wrapper.application; includeInIndex = 0; path = "SSClickButton-swift.app"; sourceTree = BUILT_PRODUCTS_DIR; };
		04E548511DB5D5EB00C8AD75 /* AppDelegate.swift */ = {isa = PBXFileReference; lastKnownFileType = sourcecode.swift; path = AppDelegate.swift; sourceTree = "<group>"; };
		04E548531DB5D5EB00C8AD75 /* ViewController.swift */ = {isa = PBXFileReference; lastKnownFileType = sourcecode.swift; path = ViewController.swift; sourceTree = "<group>"; };
		04E548561DB5D5EB00C8AD75 /* Base */ = {isa = PBXFileReference; lastKnownFileType = file.storyboard; name = Base; path = Base.lproj/Main.storyboard; sourceTree = "<group>"; };
		04E548581DB5D5EB00C8AD75 /* Assets.xcassets */ = {isa = PBXFileReference; lastKnownFileType = folder.assetcatalog; path = Assets.xcassets; sourceTree = "<group>"; };
		04E5485B1DB5D5EB00C8AD75 /* Base */ = {isa = PBXFileReference; lastKnownFileType = file.storyboard; name = Base; path = Base.lproj/LaunchScreen.storyboard; sourceTree = "<group>"; };
		04E5485D1DB5D5EB00C8AD75 /* Info.plist */ = {isa = PBXFileReference; lastKnownFileType = text.plist.xml; path = Info.plist; sourceTree = "<group>"; };
		04E548631DB5E6B700C8AD75 /* SSClickButtonSwift.swift */ = {isa = PBXFileReference; fileEncoding = 4; lastKnownFileType = sourcecode.swift; path = SSClickButtonSwift.swift; sourceTree = "<group>"; };
/* End PBXFileReference section */

/* Begin PBXFrameworksBuildPhase section */
		04E5484B1DB5D5EB00C8AD75 /* Frameworks */ = {
			isa = PBXFrameworksBuildPhase;
			buildActionMask = 2147483647;
			files = (
			);
			runOnlyForDeploymentPostprocessing = 0;
		};
/* End PBXFrameworksBuildPhase section */

/* Begin PBXGroup section */
		04E548451DB5D5EB00C8AD75 = {
			isa = PBXGroup;
			children = (
				04E548501DB5D5EB00C8AD75 /* SSClickButton-swift */,
				04E5484F1DB5D5EB00C8AD75 /* Products */,
			);
			sourceTree = "<group>";
		};
		04E5484F1DB5D5EB00C8AD75 /* Products */ = {
			isa = PBXGroup;
			children = (
				04E5484E1DB5D5EB00C8AD75 /* SSClickButton-swift.app */,
			);
			name = Products;
			sourceTree = "<group>";
		};
		04E548501DB5D5EB00C8AD75 /* SSClickButton-swift */ = {
			isa = PBXGroup;
			children = (
				04E548511DB5D5EB00C8AD75 /* AppDelegate.swift */,
				04E548531DB5D5EB00C8AD75 /* ViewController.swift */,
				04E548631DB5E6B700C8AD75 /* SSClickButtonSwift.swift */,
				04E548551DB5D5EB00C8AD75 /* Main.storyboard */,
				04E548581DB5D5EB00C8AD75 /* Assets.xcassets */,
				04E5485A1DB5D5EB00C8AD75 /* LaunchScreen.storyboard */,
				04E5485D1DB5D5EB00C8AD75 /* Info.plist */,
			);
			path = "SSClickButton-swift";
			sourceTree = "<group>";
		};
/* End PBXGroup section */

/* Begin PBXNativeTarget section */
		04E5484D1DB5D5EB00C8AD75 /* SSClickButton-swift */ = {
			isa = PBXNativeTarget;
			buildConfigurationList = 04E548601DB5D5EB00C8AD75 /* Build configuration list for PBXNativeTarget "SSClickButton-swift" */;
			buildPhases = (
				04E5484A1DB5D5EB00C8AD75 /* Sources */,
				04E5484B1DB5D5EB00C8AD75 /* Frameworks */,
				04E5484C1DB5D5EB00C8AD75 /* Resources */,
			);
			buildRules = (
			);
			dependencies = (
			);
			name = "SSClickButton-swift";
			productName = "SSClickButton-swift";
			productReference = 04E5484E1DB5D5EB00C8AD75 /* SSClickButton-swift.app */;
			productType = "com.apple.product-type.application";
		};
/* End PBXNativeTarget section */

/* Begin PBXProject section */
		04E548461DB5D5EB00C8AD75 /* Project object */ = {
			isa = PBXProject;
			attributes = {
				LastSwiftUpdateCheck = 0800;
				LastUpgradeCheck = 0800;
				ORGANIZATIONNAME = haohao;
				TargetAttributes = {
					04E5484D1DB5D5EB00C8AD75 = {
						CreatedOnToolsVersion = 8.0;
						ProvisioningStyle = Automatic;
					};
				};
			};
			buildConfigurationList = 04E548491DB5D5EB00C8AD75 /* Build configuration list for PBXProject "SSClickButton-swift" */;
			compatibilityVersion = "Xcode 3.2";
			developmentRegion = English;
			hasScannedForEncodings = 0;
			knownRegions = (
				en,
				Base,
			);
			mainGroup = 04E548451DB5D5EB00C8AD75;
			productRefGroup = 04E5484F1DB5D5EB00C8AD75 /* Products */;
			projectDirPath = "";
			projectRoot = "";
			targets = (
				04E5484D1DB5D5EB00C8AD75 /* SSClickButton-swift */,
			);
		};
/* End PBXProject section */

/* Begin PBXResourcesBuildPhase section */
		04E5484C1DB5D5EB00C8AD75 /* Resources */ = {
			isa = PBXResourcesBuildPhase;
			buildActionMask = 2147483647;
			files = (
				04E5485C1DB5D5EB00C8AD75 /* LaunchScreen.storyboard in Resources */,
				04E548591DB5D5EB00C8AD75 /* Assets.xcassets in Resources */,
				04E548571DB5D5EB00C8AD75 /* Main.storyboard in Resources */,
			);
			runOnlyForDeploymentPostprocessing = 0;
		};
/* End PBXResourcesBuildPhase section */

/* Begin PBXSourcesBuildPhase section */
		04E5484A1DB5D5EB00C8AD75 /* Sources */ = {
			isa = PBXSourcesBuildPhase;
			buildActionMask = 2147483647;
			files = (
				04E548541DB5D5EB00C8AD75 /* ViewController.swift in Sources */,
				04E548521DB5D5EB00C8AD75 /* AppDelegate.swift in Sources */,
				04E548641DB5E6B700C8AD75 /* SSClickButtonSwift.swift in Sources */,
			);
			runOnlyForDeploymentPostprocessing = 0;
		};
/* End PBXSourcesBuildPhase section */

/* Begin PBXVariantGroup section */
		04E548551DB5D5EB00C8AD75 /* Main.storyboard */ = {
			isa = PBXVariantGroup;
			children = (
				04E548561DB5D5EB00C8AD75 /* Base */,
			);
			name = Main.storyboard;
			sourceTree = "<group>";
		};
		04E5485A1DB5D5EB00C8AD75 /* LaunchScreen.storyboard */ = {
			isa = PBXVariantGroup;
			children = (
				04E5485B1DB5D5EB00C8AD75 /* Base */,
			);
			name = LaunchScreen.storyboard;
			sourceTree = "<group>";
		};
/* End PBXVariantGroup section */

/* Begin XCBuildConfiguration section */
		04E5485E1DB5D5EB00C8AD75 /* Debug */ = {
			isa = XCBuildConfiguration;
			buildSettings = {
				ALWAYS_SEARCH_USER_PATHS = NO;
				CLANG_ANALYZER_NONNULL = YES;
				CLANG_CXX_LANGUAGE_STANDARD = "gnu++0x";
				CLANG_CXX_LIBRARY = "libc++";
				CLANG_ENABLE_MODULES = YES;
				CLANG_ENABLE_OBJC_ARC = YES;
				CLANG_WARN_BOOL_CONVERSION = YES;
				CLANG_WARN_CONSTANT_CONVERSION = YES;
				CLANG_WARN_DIRECT_OBJC_ISA_USAGE = YES_ERROR;
				CLANG_WARN_DOCUMENTATION_COMMENTS = YES;
				CLANG_WARN_EMPTY_BODY = YES;
				CLANG_WARN_ENUM_CONVERSION = YES;
				CLANG_WARN_INFINITE_RECURSION = YES;
				CLANG_WARN_INT_CONVERSION = YES;
				CLANG_WARN_OBJC_ROOT_CLASS = YES_ERROR;
				CLANG_WARN_SUSPICIOUS_MOVES = YES;
				CLANG_WARN_UNREACHABLE_CODE = YES;
				CLANG_WARN__DUPLICATE_METHOD_MATCH = YES;
				"CODE_SIGN_IDENTITY[sdk=iphoneos*]" = "iPhone Developer";
				COPY_PHASE_STRIP = NO;
				DEBUG_INFORMATION_FORMAT = dwarf;
				ENABLE_STRICT_OBJC_MSGSEND = YES;
				ENABLE_TESTABILITY = YES;
				GCC_C_LANGUAGE_STANDARD = gnu99;
				GCC_DYNAMIC_NO_PIC = NO;
				GCC_NO_COMMON_BLOCKS = YES;
				GCC_OPTIMIZATION_LEVEL = 0;
				GCC_PREPROCESSOR_DEFINITIONS = (
					"DEBUG=1",
					"$(inherited)",
				);
				GCC_WARN_64_TO_32_BIT_CONVERSION = YES;
				GCC_WARN_ABOUT_RETURN_TYPE = YES_ERROR;
				GCC_WARN_UNDECLARED_SELECTOR = YES;
				GCC_WARN_UNINITIALIZED_AUTOS = YES_AGGRESSIVE;
				GCC_WARN_UNUSED_FUNCTION = YES;
				GCC_WARN_UNUSED_VARIABLE = YES;
				IPHONEOS_DEPLOYMENT_TARGET = 10.0;
				MTL_ENABLE_DEBUG_INFO = YES;
				ONLY_ACTIVE_ARCH = YES;
				SDKROOT = iphoneos;
				SWIFT_ACTIVE_COMPILATION_CONDITIONS = DEBUG;
				SWIFT_OPTIMIZATION_LEVEL = "-Onone";
				TARGETED_DEVICE_FAMILY = "1,2";
			};
			name = Debug;
		};
		04E5485F1DB5D5EB00C8AD75 /* Release */ = {
			isa = XCBuildConfiguration;
			buildSettings = {
				ALWAYS_SEARCH_USER_PATHS = NO;
				CLANG_ANALYZER_NONNULL = YES;
				CLANG_CXX_LANGUAGE_STANDARD = "gnu++0x";
				CLANG_CXX_LIBRARY = "libc++";
				CLANG_ENABLE_MODULES = YES;
				CLANG_ENABLE_OBJC_ARC = YES;
				CLANG_WARN_BOOL_CONVERSION = YES;
				CLANG_WARN_CONSTANT_CONVERSION = YES;
				CLANG_WARN_DIRECT_OBJC_ISA_USAGE = YES_ERROR;
				CLANG_WARN_DOCUMENTATION_COMMENTS = YES;
				CLANG_WARN_EMPTY_BODY = YES;
				CLANG_WARN_ENUM_CONVERSION = YES;
				CLANG_WARN_INFINITE_RECURSION = YES;
				CLANG_WARN_INT_CONVERSION = YES;
				CLANG_WARN_OBJC_ROOT_CLASS = YES_ERROR;
				CLANG_WARN_SUSPICIOUS_MOVES = YES;
				CLANG_WARN_UNREACHABLE_CODE = YES;
				CLANG_WARN__DUPLICATE_METHOD_MATCH = YES;
				"CODE_SIGN_IDENTITY[sdk=iphoneos*]" = "iPhone Developer";
				COPY_PHASE_STRIP = NO;
				DEBUG_INFORMATION_FORMAT = "dwarf-with-dsym";
				ENABLE_NS_ASSERTIONS = NO;
				ENABLE_STRICT_OBJC_MSGSEND = YES;
				GCC_C_LANGUAGE_STANDARD = gnu99;
				GCC_NO_COMMON_BLOCKS = YES;
				GCC_WARN_64_TO_32_BIT_CONVERSION = YES;
				GCC_WARN_ABOUT_RETURN_TYPE = YES_ERROR;
				GCC_WARN_UNDECLARED_SELECTOR = YES;
				GCC_WARN_UNINITIALIZED_AUTOS = YES_AGGRESSIVE;
				GCC_WARN_UNUSED_FUNCTION = YES;
				GCC_WARN_UNUSED_VARIABLE = YES;
				IPHONEOS_DEPLOYMENT_TARGET = 10.0;
				MTL_ENABLE_DEBUG_INFO = NO;
				SDKROOT = iphoneos;
				SWIFT_OPTIMIZATION_LEVEL = "-Owholemodule";
				TARGETED_DEVICE_FAMILY = "1,2";
				VALIDATE_PRODUCT = YES;
			};
			name = Release;
		};
		04E548611DB5D5EB00C8AD75 /* Debug */ = {
			isa = XCBuildConfiguration;
			buildSettings = {
				ASSETCATALOG_COMPILER_APPICON_NAME = AppIcon;
				INFOPLIST_FILE = "SSClickButton-swift/Info.plist";
				IPHONEOS_DEPLOYMENT_TARGET = 8.0;
				LD_RUNPATH_SEARCH_PATHS = "$(inherited) @executable_path/Frameworks";
				PRODUCT_BUNDLE_IDENTIFIER = "com.lsf.SSClickButton-swift";
				PRODUCT_NAME = "$(TARGET_NAME)";
				SWIFT_VERSION = 3.0;
			};
			name = Debug;
		};
		04E548621DB5D5EB00C8AD75 /* Release */ = {
			isa = XCBuildConfiguration;
			buildSettings = {
				ASSETCATALOG_COMPILER_APPICON_NAME = AppIcon;
				INFOPLIST_FILE = "SSClickButton-swift/Info.plist";
				IPHONEOS_DEPLOYMENT_TARGET = 8.0;
				LD_RUNPATH_SEARCH_PATHS = "$(inherited) @executable_path/Frameworks";
				PRODUCT_BUNDLE_IDENTIFIER = "com.lsf.SSClickButton-swift";
				PRODUCT_NAME = "$(TARGET_NAME)";
				SWIFT_VERSION = 3.0;
			};
			name = Release;
		};
/* End XCBuildConfiguration section */

/* Begin XCConfigurationList section */
		04E548491DB5D5EB00C8AD75 /* Build configuration list for PBXProject "SSClickButton-swift" */ = {
			isa = XCConfigurationList;
			buildConfigurations = (
				04E5485E1DB5D5EB00C8AD75 /* Debug */,
				04E5485F1DB5D5EB00C8AD75 /* Release */,
			);
			defaultConfigurationIsVisible = 0;
			defaultConfigurationName = Release;
		};
		04E548601DB5D5EB00C8AD75 /* Build configuration list for PBXNativeTarget "SSClickButton-swift" */ = {
			isa = XCConfigurationList;
			buildConfigurations = (
				04E548611DB5D5EB00C8AD75 /* Debug */,
				04E548621DB5D5EB00C8AD75 /* Release */,
			);
			defaultConfigurationIsVisible = 0;
		};
/* End XCConfigurationList section */
	};
	rootObject = 04E548461DB5D5EB00C8AD75 /* Project object */;
}
